
Microsoft Visual Studio Solution File, Format Version 12.00
# Visual Studio Version 16
VisualStudioVersion = 16.0.30907.101
MinimumVisualStudioVersion = 10.0.40219.1
Project("{FAE04EC0-301F-11D3-BF4B-00C04F79EFBC}") = "QuizGame", "QuizGame\QuizGame.csproj", "{C67E9A72-8CE1-4886-8FE9-A980EF431B2D}"
EndProject
Global
	GlobalSection(SolutionConfigurationPlatforms) = preSolution
		Debug|Any CPU = Debug|Any CPU
		Release|Any CPU = Release|Any CPU
	EndGlobalSection
	GlobalSection(ProjectConfigurationPlatforms) = postSolution
		{C67E9A72-8CE1-4886-8FE9-A980EF431B2D}.Debug|Any CPU.ActiveCfg = Debug|Any CPU
		{C67E9A72-8CE1-4886-8FE9-A980EF431B2D}.Debug|Any CPU.Build.0 = Debug|Any CPU
		{C67E9A72-8CE1-4886-8FE9-A980EF431B2D}.Release|Any CPU.ActiveCfg = Release|Any CPU
		{C67E9A72-8CE1-4886-8FE9-A980EF431B2D}.Release|Any CPU.Build.0 = Release|Any CPU
	EndGlobalSection
	GlobalSection(SolutionProperties) = preSolution
		HideSolutionNode = FALSE
	EndGlobalSection
	GlobalSection(ExtensibilityGlobals) = postSolution
		SolutionGuid = {FB63C8F5-8241-48E0-B1F1-47063DA7172A}
	EndGlobalSection
EndGlobal
